{
  "version": 4,
  "terraform_version": "1.4.6",
  "serial": 10,
  "lineage": "0b312dba-5622-83b8-2edb-83518fc599a2",
  "outputs": {},
  "resources": [
    {
      "mode": "managed",
      "type": "aws_subnet",
      "name": "mysubnet1",
      "provider": "provider[\"registry.terraform.io/hashicorp/aws\"]",
      "instances": [
        {
          "schema_version": 1,
          "attributes": {
            "arn": "arn:aws:ec2:us-east-1:700361031826:subnet/subnet-006aca08e34b3a2a2",
            "assign_ipv6_address_on_creation": false,
            "availability_zone": "us-east-1f",
            "availability_zone_id": "use1-az5",
            "cidr_block": "10.3.1.0/24",
            "customer_owned_ipv4_pool": "",
            "enable_dns64": false,
            "enable_lni_at_device_index": 0,
            "enable_resource_name_dns_a_record_on_launch": true,
            "enable_resource_name_dns_aaaa_record_on_launch": false,
            "id": "subnet-006aca08e34b3a2a2",
            "ipv6_cidr_block": "",
            "ipv6_cidr_block_association_id": "",
            "ipv6_native": false,
            "map_customer_owned_ip_on_launch": false,
            "map_public_ip_on_launch": true,
            "outpost_arn": "",
            "owner_id": "700361031826",
            "private_dns_hostname_type_on_launch": "ip-name",
            "tags": {
              "Name": "publicsubnet1"
            },
            "tags_all": {
              "Name": "publicsubnet1"
            },
            "timeouts": null,
            "vpc_id": "vpc-0c5a47f19c3d5797b"
          },
          "sensitive_attributes": [],
          "private": "eyJlMmJmYjczMC1lY2FhLTExZTYtOGY4OC0zNDM2M2JjN2M0YzAiOnsiY3JlYXRlIjo2MDAwMDAwMDAwMDAsImRlbGV0ZSI6MTIwMDAwMDAwMDAwMH0sInNjaGVtYV92ZXJzaW9uIjoiMSJ9",
          "dependencies": [
            "aws_vpc.myvpc"
          ]
        }
      ]
    },
    {
      "mode": "managed",
      "type": "aws_vpc",
      "name": "myvpc",
      "provider": "provider[\"registry.terraform.io/hashicorp/aws\"]",
      "instances": [
        {
          "schema_version": 1,
          "attributes": {
            "arn": "arn:aws:ec2:us-east-1:700361031826:vpc/vpc-0c5a47f19c3d5797b",
            "assign_generated_ipv6_cidr_block": false,
            "cidr_block": "10.3.0.0/16",
            "default_network_acl_id": "acl-0badcbd2eb64ce61e",
            "default_route_table_id": "rtb-057e8d9515ff0d58a",
            "default_security_group_id": "sg-0eaa755c13b2b76aa",
            "dhcp_options_id": "dopt-04b2f2193ec692951",
            "enable_dns_hostnames": true,
            "enable_dns_support": true,
            "enable_network_address_usage_metrics": false,
            "id": "vpc-0c5a47f19c3d5797b",
            "instance_tenancy": "default",
            "ipv4_ipam_pool_id": null,
            "ipv4_netmask_length": null,
            "ipv6_association_id": "",
            "ipv6_cidr_block": "",
            "ipv6_cidr_block_network_border_group": "",
            "ipv6_ipam_pool_id": "",
            "ipv6_netmask_length": 0,
            "main_route_table_id": "rtb-057e8d9515ff0d58a",
            "owner_id": "700361031826",
            "tags": {
              "Name": "myVPC"
            },
            "tags_all": {
              "Name": "myVPC"
            }
          },
          "sensitive_attributes": [],
          "private": "eyJzY2hlbWFfdmVyc2lvbiI6IjEifQ=="
        }
      ]
    }
  ],
  "check_results": null
}
